
Microsoft Visual Studio Solution File, Format Version 12.00
# Visual Studio Version 16
VisualStudioVersion = 16.0.29409.12
MinimumVisualStudioVersion = 10.0.40219.1
Project("{9A19103F-16F7-4668-BE54-9A1E7A4F7556}") = "SpoiledCat.Extensions.Configuration.Yaml", "src\YamlConfiguration\SpoiledCat.Extensions.Configuration.Yaml.csproj", "{4DBC7486-1904-46D5-8F00-CEBD4BD7CA6E}"
EndProject
Global
	GlobalSection(SolutionConfigurationPlatforms) = preSolution
		Debug|Any CPU = Debug|Any CPU
		Release|Any CPU = Release|Any CPU
	EndGlobalSection
	GlobalSection(ProjectConfigurationPlatforms) = postSolution
		{4DBC7486-1904-46D5-8F00-CEBD4BD7CA6E}.Debug|Any CPU.ActiveCfg = Debug|Any CPU
		{4DBC7486-1904-46D5-8F00-CEBD4BD7CA6E}.Debug|Any CPU.Build.0 = Debug|Any CPU
		{4DBC7486-1904-46D5-8F00-CEBD4BD7CA6E}.Release|Any CPU.ActiveCfg = Release|Any CPU
		{4DBC7486-1904-46D5-8F00-CEBD4BD7CA6E}.Release|Any CPU.Build.0 = Release|Any CPU
	EndGlobalSection
	GlobalSection(SolutionProperties) = preSolution
		HideSolutionNode = FALSE
	EndGlobalSection
	GlobalSection(ExtensibilityGlobals) = postSolution
		SolutionGuid = {11331150-21D7-44C8-BA7E-96E4EEB1E402}
	EndGlobalSection
EndGlobal
